
Microsoft Visual Studio Solution File, Format Version 12.00
# Visual Studio 2012
Project("{888888A0-9F3D-457C-B088-3A5042F75D52}") = "PySpyce", "PySpyce\PySpyce.pyproj", "{DCF0AA45-F466-4217-B158-2A768DB5D388}"
EndProject
Global
	GlobalSection(SolutionConfigurationPlatforms) = preSolution
		Debug|Any CPU = Debug|Any CPU
		Release|Any CPU = Release|Any CPU
	EndGlobalSection
	GlobalSection(ProjectConfigurationPlatforms) = postSolution
		{DCF0AA45-F466-4217-B158-2A768DB5D388}.Debug|Any CPU.ActiveCfg = Debug|Any CPU
		{DCF0AA45-F466-4217-B158-2A768DB5D388}.Release|Any CPU.ActiveCfg = Release|Any CPU
	EndGlobalSection
	GlobalSection(SolutionProperties) = preSolution
		HideSolutionNode = FALSE
	EndGlobalSection
EndGlobal
